Microsoft Visual Studio Solution File, Format Version 12.00
# Visual Studio Version 17
VisualStudioVersion = 17.5.2.0
MinimumVisualStudioVersion = 10.0.40219.1
Project("{FAE04EC0-301F-11D3-BF4B-00C04F79EFBC}") = "Bolao-Backend", "Bolao-Backend\Bolao-Backend.csproj", "{4FE5A598-83AF-BA6A-19A1-620DFDC8014D}"
EndProject
Global
	GlobalSection(SolutionConfigurationPlatforms) = preSolution
		Debug|Any CPU = Debug|Any CPU
		Release|Any CPU = Release|Any CPU
	EndGlobalSection
	GlobalSection(ProjectConfigurationPlatforms) = postSolution
		{4FE5A598-83AF-BA6A-19A1-620DFDC8014D}.Debug|Any CPU.ActiveCfg = Debug|Any CPU
		{4FE5A598-83AF-BA6A-19A1-620DFDC8014D}.Debug|Any CPU.Build.0 = Debug|Any CPU
		{4FE5A598-83AF-BA6A-19A1-620DFDC8014D}.Release|Any CPU.ActiveCfg = Release|Any CPU
		{4FE5A598-83AF-BA6A-19A1-620DFDC8014D}.Release|Any CPU.Build.0 = Release|Any CPU
	EndGlobalSection
	GlobalSection(SolutionProperties) = preSolution
		HideSolutionNode = FALSE
	EndGlobalSection
	GlobalSection(ExtensibilityGlobals) = postSolution
		SolutionGuid = {B1BEF1B0-C5C7-4E7A-B42B-E1EF46DB8FF7}
	EndGlobalSection
EndGlobal
